{
  "lockfileVersion": 1,
  "configVersion": 1,
  "workspaces": {
    "": {
      "name": "@oxyhq/kaana-contract-tools",
      "dependencies": {
        "@oxyhq/contracts": "0.41.0",
      },
    },
  },
  "packages": {
    "@oxyhq/contracts": ["@oxyhq/contracts@0.41.0", "", { "dependencies": { "zod": "^3.25.64" } }, "sha512-dswAaAa2sxSlgCba7p1AiYcBKgT9Cs+4eFiRvGKZdt06vlis3bqh15IjcfPMl3FsMmPBMgUtXzblV0yrhr9j5w=="],

    "zod": ["zod@3.25.76", "", {}, "sha512-gzUt/qt81nXsFGKIFcC3YnfEAx5NkunCfnDlvuBSSFS02bcXu4Lmea0AFIUwbLWxWPx3d9p8S5QoaujKcNQxcQ=="],
  }
}
