{
  "lockfileVersion": 1,
  "configVersion": 1,
  "workspaces": {
    "": {
      "name": "@oxyhq/kaana-contract-tools",
      "dependencies": {
        "@oxy.so/contracts": "1.0.1",
      },
    },
  },
  "packages": {
    "@oxy.so/contracts": ["@oxy.so/contracts@1.0.1", "", { "dependencies": { "zod": "^3.25.64" } }, "sha512-AZGVKoRgzYidi97mSFXqdgbym840pXCxQM3/rn6MfBKd4Z0nsEAIU+vXm7mkEzerO2Ff7LKH/SJODvqCFT0CxQ=="],

    "zod": ["zod@3.25.76", "", {}, "sha512-gzUt/qt81nXsFGKIFcC3YnfEAx5NkunCfnDlvuBSSFS02bcXu4Lmea0AFIUwbLWxWPx3d9p8S5QoaujKcNQxcQ=="],
  }
}
