{
  "lockfileVersion": 1,
  "configVersion": 1,
  "workspaces": {
    "": {
      "name": "@oxy.so/kaana-contract-tools",
      "dependencies": {
        "@oxy.so/contracts": "1.3.0",
      },
    },
  },
  "packages": {
    "@oxy.so/contracts": ["@oxy.so/contracts@1.3.0", "", { "dependencies": { "zod": "^3.25.64" } }, "sha512-Y8R0dljHDC9fj7cRiur7BMI2+P5DSVg8J1I03Y0XsvdNNAfwbxfMZh8zltgD60Sxy3KD06FmW8wXzFjBElGnIA=="],

    "zod": ["zod@3.25.76", "", {}, "sha512-gzUt/qt81nXsFGKIFcC3YnfEAx5NkunCfnDlvuBSSFS02bcXu4Lmea0AFIUwbLWxWPx3d9p8S5QoaujKcNQxcQ=="],
  }
}
