{
  "name": "@oxyhq/kaana-contract-tools",
  "version": "0.0.0",
  "lockfileVersion": 3,
  "requires": true,
  "packages": {
    "": {
      "name": "@oxyhq/kaana-contract-tools",
      "version": "0.0.0",
      "dependencies": {
        "@oxyhq/contracts": "0.29.0"
      }
    },
    "node_modules/@oxyhq/contracts": {
      "version": "0.29.0",
      "resolved": "https://registry.npmjs.org/@oxyhq/contracts/-/contracts-0.29.0.tgz",
      "integrity": "sha512-NK2Y2qXCVPmTuL1D0En5z18MqEBgu5xN2IvzINRiJERtz0z1O66HR4BLvS6Mc3O+ZoQMc2aBdfTOiqWM3nmh+Q==",
      "license": "Apache-2.0",
      "dependencies": {
        "zod": "^3.25.64"
      },
      "engines": {
        "node": ">=18.0.0"
      }
    },
    "node_modules/zod": {
      "version": "3.25.76",
      "resolved": "https://registry.npmjs.org/zod/-/zod-3.25.76.tgz",
      "integrity": "sha512-gzUt/qt81nXsFGKIFcC3YnfEAx5NkunCfnDlvuBSSFS02bcXu4Lmea0AFIUwbLWxWPx3d9p8S5QoaujKcNQxcQ==",
      "license": "MIT",
      "funding": {
        "url": "https://github.com/sponsors/colinhacks"
      }
    }
  }
}
